BOXLITE_VERSION=0.10.5
BOXLITE_SHA256_aarch64_apple_darwin=f284ffd703cc667de776b77213226dabae2973434c26122f2feadd25cd6ecd58
BOXLITE_SHA256_x86_64_unknown_linux_gnu=1f95a0d9051a470339ffaa588c2fe99bf2329e2f27c7c44bd034a108753a940a
BOXLITE_SHA256_aarch64_unknown_linux_gnu=1744365d530f4464ad78e7e5d043a9b4e4b78ea957f24be221ace612756e287b
BUILDER_IMAGE=ubuntu:24.04@sha256:534baea6a22c03a63003dbc8dbe78fe34bc0d7e595d9a9dc9834884ff530eb55
